// !$*UTF8*$!
{
	archiveVersion = 1;
	classes = {
	};
	objectVersion = 50;
	objects = {

/* Begin PBXBuildFile section */
		AD69A7E926CC651000FE40D0 /* SwiftUI_TransporterApp.swift in Sources */ = {isa = PBXBuildFile; fileRef = AD69A7E826CC651000FE40D0 /* SwiftUI_TransporterApp.swift */; };
		AD69A7EB26CC651000FE40D0 /* ContentView.swift in Sources */ = {isa = PBXBuildFile; fileRef = AD69A7EA26CC651000FE40D0 /* ContentView.swift */; };
		AD69A7ED26CC651200FE40D0 /* Assets.xcassets in Resources */ = {isa = PBXBuildFile; fileRef = AD69A7EC26CC651200FE40D0 /* Assets.xcassets */; };
		AD69A7F026CC651200FE40D0 /* Preview Assets.xcassets in Resources */ = {isa = PBXBuildFile; fileRef = AD69A7EF26CC651200FE40D0 /* Preview Assets.xcassets */; };
		AD69A7FA26CC69B800FE40D0 /* Delivery.swift in Sources */ = {isa = PBXBuildFile; fileRef = AD69A7F926CC69B800FE40D0 /* Delivery.swift */; };
		AD69A7FC26CC6C2200FE40D0 /* DeliveryCell.swift in Sources */ = {isa = PBXBuildFile; fileRef = AD69A7FB26CC6C2200FE40D0 /* DeliveryCell.swift */; };
		AD69A7FE26CD0D2200FE40D0 /* DeliveryDetailView.swift in Sources */ = {isa = PBXBuildFile; fileRef = AD69A7FD26CD0D2200FE40D0 /* DeliveryDetailView.swift */; };
		AD69A80026CD189B00FE40D0 /* DeliveryListView.swift in Sources */ = {isa = PBXBuildFile; fileRef = AD69A7FF26CD189B00FE40D0 /* DeliveryListView.swift */; };
/* End PBXBuildFile section */

/* Begin PBXFileReference section */
		AD69A7E526CC651000FE40D0 /* SwiftUI-Transporter.app */ = {isa = PBXFileReference; explicitFileType = wrapper.application; includeInIndex = 0; path = "SwiftUI-Transporter.app"; sourceTree = BUILT_PRODUCTS_DIR; };
		AD69A7E826CC651000FE40D0 /* SwiftUI_TransporterApp.swift */ = {isa = PBXFileReference; lastKnownFileType = sourcecode.swift; path = SwiftUI_TransporterApp.swift; sourceTree = "<group>"; };
		AD69A7EA26CC651000FE40D0 /* ContentView.swift */ = {isa = PBXFileReference; lastKnownFileType = sourcecode.swift; path = ContentView.swift; sourceTree = "<group>"; };
		AD69A7EC26CC651200FE40D0 /* Assets.xcassets */ = {isa = PBXFileReference; lastKnownFileType = folder.assetcatalog; path = Assets.xcassets; sourceTree = "<group>"; };
		AD69A7EF26CC651200FE40D0 /* Preview Assets.xcassets */ = {isa = PBXFileReference; lastKnownFileType = folder.assetcatalog; path = "Preview Assets.xcassets"; sourceTree = "<group>"; };
		AD69A7F126CC651200FE40D0 /* Info.plist */ = {isa = PBXFileReference; lastKnownFileType = text.plist.xml; path = Info.plist; sourceTree = "<group>"; };
		AD69A7F926CC69B800FE40D0 /* Delivery.swift */ = {isa = PBXFileReference; lastKnownFileType = sourcecode.swift; path = Delivery.swift; sourceTree = "<group>"; };
		AD69A7FB26CC6C2200FE40D0 /* DeliveryCell.swift */ = {isa = PBXFileReference; lastKnownFileType = sourcecode.swift; path = DeliveryCell.swift; sourceTree = "<group>"; };
		AD69A7FD26CD0D2200FE40D0 /* DeliveryDetailView.swift */ = {isa = PBXFileReference; lastKnownFileType = sourcecode.swift; path = DeliveryDetailView.swift; sourceTree = "<group>"; };
		AD69A7FF26CD189B00FE40D0 /* DeliveryListView.swift */ = {isa = PBXFileReference; lastKnownFileType = sourcecode.swift; path = DeliveryListView.swift; sourceTree = "<group>"; };
/* End PBXFileReference section */

/* Begin PBXFrameworksBuildPhase section */
		AD69A7E226CC651000FE40D0 /* Frameworks */ = {
			isa = PBXFrameworksBuildPhase;
			buildActionMask = 2147483647;
			files = (
			);
			runOnlyForDeploymentPostprocessing = 0;
		};
/* End PBXFrameworksBuildPhase section */

/* Begin PBXGroup section */
		AD69A7DC26CC651000FE40D0 = {
			isa = PBXGroup;
			children = (
				AD69A7E726CC651000FE40D0 /* SwiftUI-Transporter */,
				AD69A7E626CC651000FE40D0 /* Products */,
			);
			sourceTree = "<group>";
		};
		AD69A7E626CC651000FE40D0 /* Products */ = {
			isa = PBXGroup;
			children = (
				AD69A7E526CC651000FE40D0 /* SwiftUI-Transporter.app */,
			);
			name = Products;
			sourceTree = "<group>";
		};
		AD69A7E726CC651000FE40D0 /* SwiftUI-Transporter */ = {
			isa = PBXGroup;
			children = (
				AD69A7E826CC651000FE40D0 /* SwiftUI_TransporterApp.swift */,
				AD69A7EA26CC651000FE40D0 /* ContentView.swift */,
				AD69A7EC26CC651200FE40D0 /* Assets.xcassets */,
				AD69A7F126CC651200FE40D0 /* Info.plist */,
				AD69A7EE26CC651200FE40D0 /* Preview Content */,
				AD69A7F926CC69B800FE40D0 /* Delivery.swift */,
				AD69A7FB26CC6C2200FE40D0 /* DeliveryCell.swift */,
				AD69A7FD26CD0D2200FE40D0 /* DeliveryDetailView.swift */,
				AD69A7FF26CD189B00FE40D0 /* DeliveryListView.swift */,
			);
			path = "SwiftUI-Transporter";
			sourceTree = "<group>";
		};
		AD69A7EE26CC651200FE40D0 /* Preview Content */ = {
			isa = PBXGroup;
			children = (
				AD69A7EF26CC651200FE40D0 /* Preview Assets.xcassets */,
			);
			path = "Preview Content";
			sourceTree = "<group>";
		};
/* End PBXGroup section */

/* Begin PBXNativeTarget section */
		AD69A7E426CC651000FE40D0 /* SwiftUI-Transporter */ = {
			isa = PBXNativeTarget;
			buildConfigurationList = AD69A7F426CC651200FE40D0 /* Build configuration list for PBXNativeTarget "SwiftUI-Transporter" */;
			buildPhases = (
				AD69A7E126CC651000FE40D0 /* Sources */,
				AD69A7E226CC651000FE40D0 /* Frameworks */,
				AD69A7E326CC651000FE40D0 /* Resources */,
			);
			buildRules = (
			);
			dependencies = (
			);
			name = "SwiftUI-Transporter";
			productName = "SwiftUI-Transporter";
			productReference = AD69A7E526CC651000FE40D0 /* SwiftUI-Transporter.app */;
			productType = "com.apple.product-type.application";
		};
/* End PBXNativeTarget section */

/* Begin PBXProject section */
		AD69A7DD26CC651000FE40D0 /* Project object */ = {
			isa = PBXProject;
			attributes = {
				LastSwiftUpdateCheck = 1250;
				LastUpgradeCheck = 1250;
				TargetAttributes = {
					AD69A7E426CC651000FE40D0 = {
						CreatedOnToolsVersion = 12.5.1;
					};
				};
			};
			buildConfigurationList = AD69A7E026CC651000FE40D0 /* Build configuration list for PBXProject "SwiftUI-Transporter" */;
			compatibilityVersion = "Xcode 9.3";
			developmentRegion = en;
			hasScannedForEncodings = 0;
			knownRegions = (
				en,
				Base,
			);
			mainGroup = AD69A7DC26CC651000FE40D0;
			productRefGroup = AD69A7E626CC651000FE40D0 /* Products */;
			projectDirPath = "";
			projectRoot = "";
			targets = (
				AD69A7E426CC651000FE40D0 /* SwiftUI-Transporter */,
			);
		};
/* End PBXProject section */

/* Begin PBXResourcesBuildPhase section */
		AD69A7E326CC651000FE40D0 /* Resources */ = {
			isa = PBXResourcesBuildPhase;
			buildActionMask = 2147483647;
			files = (
				AD69A7F026CC651200FE40D0 /* Preview Assets.xcassets in Resources */,
				AD69A7ED26CC651200FE40D0 /* Assets.xcassets in Resources */,
			);
			runOnlyForDeploymentPostprocessing = 0;
		};
/* End PBXResourcesBuildPhase section */

/* Begin PBXSourcesBuildPhase section */
		AD69A7E126CC651000FE40D0 /* Sources */ = {
			isa = PBXSourcesBuildPhase;
			buildActionMask = 2147483647;
			files = (
				AD69A7EB26CC651000FE40D0 /* ContentView.swift in Sources */,
				AD69A7FC26CC6C2200FE40D0 /* DeliveryCell.swift in Sources */,
				AD69A7FA26CC69B800FE40D0 /* Delivery.swift in Sources */,
				AD69A7E926CC651000FE40D0 /* SwiftUI_TransporterApp.swift in Sources */,
				AD69A80026CD189B00FE40D0 /* DeliveryListView.swift in Sources */,
				AD69A7FE26CD0D2200FE40D0 /* DeliveryDetailView.swift in Sources */,
			);
			runOnlyForDeploymentPostprocessing = 0;
		};
/* End PBXSourcesBuildPhase section */

/* Begin XCBuildConfiguration section */
		AD69A7F226CC651200FE40D0 /* Debug */ = {
			isa = XCBuildConfiguration;
			buildSettings = {
				ALWAYS_SEARCH_USER_PATHS = NO;
				CLANG_ANALYZER_NONNULL = YES;
				CLANG_ANALYZER_NUMBER_OBJECT_CONVERSION = YES_AGGRESSIVE;
				CLANG_CXX_LANGUAGE_STANDARD = "gnu++14";
				CLANG_CXX_LIBRARY = "libc++";
				CLANG_ENABLE_MODULES = YES;
				CLANG_ENABLE_OBJC_ARC = YES;
				CLANG_ENABLE_OBJC_WEAK = YES;
				CLANG_WARN_BLOCK_CAPTURE_AUTORELEASING = YES;
				CLANG_WARN_BOOL_CONVERSION = YES;
				CLANG_WARN_COMMA = YES;
				CLANG_WARN_CONSTANT_CONVERSION = YES;
				CLANG_WARN_DEPRECATED_OBJC_IMPLEMENTATIONS = YES;
				CLANG_WARN_DIRECT_OBJC_ISA_USAGE = YES_ERROR;
				CLANG_WARN_DOCUMENTATION_COMMENTS = YES;
				CLANG_WARN_EMPTY_BODY = YES;
				CLANG_WARN_ENUM_CONVERSION = YES;
				CLANG_WARN_INFINITE_RECURSION = YES;
				CLANG_WARN_INT_CONVERSION = YES;
				CLANG_WARN_NON_LITERAL_NULL_CONVERSION = YES;
				CLANG_WARN_OBJC_IMPLICIT_RETAIN_SELF = YES;
				CLANG_WARN_OBJC_LITERAL_CONVERSION = YES;
				CLANG_WARN_OBJC_ROOT_CLASS = YES_ERROR;
				CLANG_WARN_QUOTED_INCLUDE_IN_FRAMEWORK_HEADER = YES;
				CLANG_WARN_RANGE_LOOP_ANALYSIS = YES;
				CLANG_WARN_STRICT_PROTOTYPES = YES;
				CLANG_WARN_SUSPICIOUS_MOVE = YES;
				CLANG_WARN_UNGUARDED_AVAILABILITY = YES_AGGRESSIVE;
				CLANG_WARN_UNREACHABLE_CODE = YES;
				CLANG_WARN__DUPLICATE_METHOD_MATCH = YES;
				COPY_PHASE_STRIP = NO;
				DEBUG_INFORMATION_FORMAT = dwarf;
				ENABLE_STRICT_OBJC_MSGSEND = YES;
				ENABLE_TESTABILITY = YES;
				GCC_C_LANGUAGE_STANDARD = gnu11;
				GCC_DYNAMIC_NO_PIC = NO;
				GCC_NO_COMMON_BLOCKS = YES;
				GCC_OPTIMIZATION_LEVEL = 0;
				GCC_PREPROCESSOR_DEFINITIONS = (
					"DEBUG=1",
					"$(inherited)",
				);
				GCC_WARN_64_TO_32_BIT_CONVERSION = YES;
				GCC_WARN_ABOUT_RETURN_TYPE = YES_ERROR;
				GCC_WARN_UNDECLARED_SELECTOR = YES;
				GCC_WARN_UNINITIALIZED_AUTOS = YES_AGGRESSIVE;
				GCC_WARN_UNUSED_FUNCTION = YES;
				GCC_WARN_UNUSED_VARIABLE = YES;
				IPHONEOS_DEPLOYMENT_TARGET = 14.5;
				MTL_ENABLE_DEBUG_INFO = INCLUDE_SOURCE;
				MTL_FAST_MATH = YES;
				ONLY_ACTIVE_ARCH = YES;
				SDKROOT = iphoneos;
				SWIFT_ACTIVE_COMPILATION_CONDITIONS = DEBUG;
				SWIFT_OPTIMIZATION_LEVEL = "-Onone";
			};
			name = Debug;
		};
		AD69A7F326CC651200FE40D0 /* Release */ = {
			isa = XCBuildConfiguration;
			buildSettings = {
				ALWAYS_SEARCH_USER_PATHS = NO;
				CLANG_ANALYZER_NONNULL = YES;
				CLANG_ANALYZER_NUMBER_OBJECT_CONVERSION = YES_AGGRESSIVE;
				CLANG_CXX_LANGUAGE_STANDARD = "gnu++14";
				CLANG_CXX_LIBRARY = "libc++";
				CLANG_ENABLE_MODULES = YES;
				CLANG_ENABLE_OBJC_ARC = YES;
				CLANG_ENABLE_OBJC_WEAK = YES;
				CLANG_WARN_BLOCK_CAPTURE_AUTORELEASING = YES;
				CLANG_WARN_BOOL_CONVERSION = YES;
				CLANG_WARN_COMMA = YES;
				CLANG_WARN_CONSTANT_CONVERSION = YES;
				CLANG_WARN_DEPRECATED_OBJC_IMPLEMENTATIONS = YES;
				CLANG_WARN_DIRECT_OBJC_ISA_USAGE = YES_ERROR;
				CLANG_WARN_DOCUMENTATION_COMMENTS = YES;
				CLANG_WARN_EMPTY_BODY = YES;
				CLANG_WARN_ENUM_CONVERSION = YES;
				CLANG_WARN_INFINITE_RECURSION = YES;
				CLANG_WARN_INT_CONVERSION = YES;
				CLANG_WARN_NON_LITERAL_NULL_CONVERSION = YES;
				CLANG_WARN_OBJC_IMPLICIT_RETAIN_SELF = YES;
				CLANG_WARN_OBJC_LITERAL_CONVERSION = YES;
				CLANG_WARN_OBJC_ROOT_CLASS = YES_ERROR;
				CLANG_WARN_QUOTED_INCLUDE_IN_FRAMEWORK_HEADER = YES;
				CLANG_WARN_RANGE_LOOP_ANALYSIS = YES;
				CLANG_WARN_STRICT_PROTOTYPES = YES;
				CLANG_WARN_SUSPICIOUS_MOVE = YES;
				CLANG_WARN_UNGUARDED_AVAILABILITY = YES_AGGRESSIVE;
				CLANG_WARN_UNREACHABLE_CODE = YES;
				CLANG_WARN__DUPLICATE_METHOD_MATCH = YES;
				COPY_PHASE_STRIP = NO;
				DEBUG_INFORMATION_FORMAT = "dwarf-with-dsym";
				ENABLE_NS_ASSERTIONS = NO;
				ENABLE_STRICT_OBJC_MSGSEND = YES;
				GCC_C_LANGUAGE_STANDARD = gnu11;
				GCC_NO_COMMON_BLOCKS = YES;
				GCC_WARN_64_TO_32_BIT_CONVERSION = YES;
				GCC_WARN_ABOUT_RETURN_TYPE = YES_ERROR;
				GCC_WARN_UNDECLARED_SELECTOR = YES;
				GCC_WARN_UNINITIALIZED_AUTOS = YES_AGGRESSIVE;
				GCC_WARN_UNUSED_FUNCTION = YES;
				GCC_WARN_UNUSED_VARIABLE = YES;
				IPHONEOS_DEPLOYMENT_TARGET = 14.5;
				MTL_ENABLE_DEBUG_INFO = NO;
				MTL_FAST_MATH = YES;
				SDKROOT = iphoneos;
				SWIFT_COMPILATION_MODE = wholemodule;
				SWIFT_OPTIMIZATION_LEVEL = "-O";
				VALIDATE_PRODUCT = YES;
			};
			name = Release;
		};
		AD69A7F526CC651200FE40D0 /* Debug */ = {
			isa = XCBuildConfiguration;
			buildSettings = {
				ASSETCATALOG_COMPILER_APPICON_NAME = AppIcon;
				ASSETCATALOG_COMPILER_GLOBAL_ACCENT_COLOR_NAME = AccentColor;
				CODE_SIGN_STYLE = Automatic;
				DEVELOPMENT_ASSET_PATHS = "\"SwiftUI-Transporter/Preview Content\"";
				DEVELOPMENT_TEAM = P74H2CXUV5;
				ENABLE_PREVIEWS = YES;
				INFOPLIST_FILE = "SwiftUI-Transporter/Info.plist";
				IPHONEOS_DEPLOYMENT_TARGET = 14.0;
				LD_RUNPATH_SEARCH_PATHS = (
					"$(inherited)",
					"@executable_path/Frameworks",
				);
				PRODUCT_BUNDLE_IDENTIFIER = "com.ronsoftware.SwiftUI-Transporter";
				PRODUCT_NAME = "$(TARGET_NAME)";
				SWIFT_VERSION = 5.0;
				TARGETED_DEVICE_FAMILY = "1,2";
			};
			name = Debug;
		};
		AD69A7F626CC651200FE40D0 /* Release */ = {
			isa = XCBuildConfiguration;
			buildSettings = {
				ASSETCATALOG_COMPILER_APPICON_NAME = AppIcon;
				ASSETCATALOG_COMPILER_GLOBAL_ACCENT_COLOR_NAME = AccentColor;
				CODE_SIGN_STYLE = Automatic;
				DEVELOPMENT_ASSET_PATHS = "\"SwiftUI-Transporter/Preview Content\"";
				DEVELOPMENT_TEAM = P74H2CXUV5;
				ENABLE_PREVIEWS = YES;
				INFOPLIST_FILE = "SwiftUI-Transporter/Info.plist";
				IPHONEOS_DEPLOYMENT_TARGET = 14.0;
				LD_RUNPATH_SEARCH_PATHS = (
					"$(inherited)",
					"@executable_path/Frameworks",
				);
				PRODUCT_BUNDLE_IDENTIFIER = "com.ronsoftware.SwiftUI-Transporter";
				PRODUCT_NAME = "$(TARGET_NAME)";
				SWIFT_VERSION = 5.0;
				TARGETED_DEVICE_FAMILY = "1,2";
			};
			name = Release;
		};
/* End XCBuildConfiguration section */

/* Begin XCConfigurationList section */
		AD69A7E026CC651000FE40D0 /* Build configuration list for PBXProject "SwiftUI-Transporter" */ = {
			isa = XCConfigurationList;
			buildConfigurations = (
				AD69A7F226CC651200FE40D0 /* Debug */,
				AD69A7F326CC651200FE40D0 /* Release */,
			);
			defaultConfigurationIsVisible = 0;
			defaultConfigurationName = Release;
		};
		AD69A7F426CC651200FE40D0 /* Build configuration list for PBXNativeTarget "SwiftUI-Transporter" */ = {
			isa = XCConfigurationList;
			buildConfigurations = (
				AD69A7F526CC651200FE40D0 /* Debug */,
				AD69A7F626CC651200FE40D0 /* Release */,
			);
			defaultConfigurationIsVisible = 0;
			defaultConfigurationName = Release;
		};
/* End XCConfigurationList section */
	};
	rootObject = AD69A7DD26CC651000FE40D0 /* Project object */;
}
